
Microsoft Visual Studio Solution File, Format Version 12.00
# Visual Studio Version 17
VisualStudioVersion = 17.0.31919.166
MinimumVisualStudioVersion = 10.0.40219.1
Project("{FAE04EC0-301F-11D3-BF4B-00C04F79EFBC}") = "FirstFunction", "FirstFunction.csproj", "{49E5ACF3-80FE-4545-8222-186F9FD5BB73}"
EndProject
Global
	GlobalSection(SolutionConfigurationPlatforms) = preSolution
		Debug|Any CPU = Debug|Any CPU
		Release|Any CPU = Release|Any CPU
	EndGlobalSection
	GlobalSection(ProjectConfigurationPlatforms) = postSolution
		{49E5ACF3-80FE-4545-8222-186F9FD5BB73}.Debug|Any CPU.ActiveCfg = Debug|Any CPU
		{49E5ACF3-80FE-4545-8222-186F9FD5BB73}.Debug|Any CPU.Build.0 = Debug|Any CPU
		{49E5ACF3-80FE-4545-8222-186F9FD5BB73}.Release|Any CPU.ActiveCfg = Release|Any CPU
		{49E5ACF3-80FE-4545-8222-186F9FD5BB73}.Release|Any CPU.Build.0 = Release|Any CPU
	EndGlobalSection
	GlobalSection(SolutionProperties) = preSolution
		HideSolutionNode = FALSE
	EndGlobalSection
	GlobalSection(ExtensibilityGlobals) = postSolution
		SolutionGuid = {9572E220-4284-4B82-B16E-6EE423FC6E26}
	EndGlobalSection
EndGlobal
